
Microsoft Visual Studio Solution File, Format Version 12.00
# Visual Studio Version 17
VisualStudioVersion = 17.11.35303.130
MinimumVisualStudioVersion = 10.0.40219.1
Project("{8BC9CEB8-8B4A-11D0-8D11-00A0C91BC942}") = "Project10", "Project10\Project10.vcxproj", "{DAF1FF48-55E7-4003-9CBA-F63BEA5C5247}"
EndProject
Global
	GlobalSection(SolutionConfigurationPlatforms) = preSolution
		Debug|x64 = Debug|x64
		Debug|x86 = Debug|x86
		Release|x64 = Release|x64
		Release|x86 = Release|x86
	EndGlobalSection
	GlobalSection(ProjectConfigurationPlatforms) = postSolution
		{DAF1FF48-55E7-4003-9CBA-F63BEA5C5247}.Debug|x64.ActiveCfg = Debug|x64
		{DAF1FF48-55E7-4003-9CBA-F63BEA5C5247}.Debug|x64.Build.0 = Debug|x64
		{DAF1FF48-55E7-4003-9CBA-F63BEA5C5247}.Debug|x86.ActiveCfg = Debug|Win32
		{DAF1FF48-55E7-4003-9CBA-F63BEA5C5247}.Debug|x86.Build.0 = Debug|Win32
		{DAF1FF48-55E7-4003-9CBA-F63BEA5C5247}.Release|x64.ActiveCfg = Release|x64
		{DAF1FF48-55E7-4003-9CBA-F63BEA5C5247}.Release|x64.Build.0 = Release|x64
		{DAF1FF48-55E7-4003-9CBA-F63BEA5C5247}.Release|x86.ActiveCfg = Release|Win32
		{DAF1FF48-55E7-4003-9CBA-F63BEA5C5247}.Release|x86.Build.0 = Release|Win32
	EndGlobalSection
	GlobalSection(SolutionProperties) = preSolution
		HideSolutionNode = FALSE
	EndGlobalSection
	GlobalSection(ExtensibilityGlobals) = postSolution
		SolutionGuid = {95D43808-8C04-4320-878A-9D05F7C17874}
	EndGlobalSection
EndGlobal
